
Microsoft Visual Studio Solution File, Format Version 12.00
# Visual Studio Version 16
VisualStudioVersion = 16.0.30225.117
MinimumVisualStudioVersion = 10.0.40219.1
Project("{FAE04EC0-301F-11D3-BF4B-00C04F79EFBC}") = "x-UnitTest", "test\x-UnitTest\x-UnitTest.csproj", "{1E3874AD-3ED5-4AFB-8187-F2A9B4799A58}"
EndProject
Project("{FAE04EC0-301F-11D3-BF4B-00C04F79EFBC}") = "DomainProject", "src\DomainProject\DomainProject.csproj", "{21D0F834-F9E9-4686-8A54-CD0EF7BD8ADA}"
EndProject
Global
	GlobalSection(SolutionConfigurationPlatforms) = preSolution
		Debug|Any CPU = Debug|Any CPU
		Release|Any CPU = Release|Any CPU
	EndGlobalSection
	GlobalSection(ProjectConfigurationPlatforms) = postSolution
		{1E3874AD-3ED5-4AFB-8187-F2A9B4799A58}.Debug|Any CPU.ActiveCfg = Debug|Any CPU
		{1E3874AD-3ED5-4AFB-8187-F2A9B4799A58}.Debug|Any CPU.Build.0 = Debug|Any CPU
		{1E3874AD-3ED5-4AFB-8187-F2A9B4799A58}.Release|Any CPU.ActiveCfg = Release|Any CPU
		{1E3874AD-3ED5-4AFB-8187-F2A9B4799A58}.Release|Any CPU.Build.0 = Release|Any CPU
		{21D0F834-F9E9-4686-8A54-CD0EF7BD8ADA}.Debug|Any CPU.ActiveCfg = Debug|Any CPU
		{21D0F834-F9E9-4686-8A54-CD0EF7BD8ADA}.Debug|Any CPU.Build.0 = Debug|Any CPU
		{21D0F834-F9E9-4686-8A54-CD0EF7BD8ADA}.Release|Any CPU.ActiveCfg = Release|Any CPU
		{21D0F834-F9E9-4686-8A54-CD0EF7BD8ADA}.Release|Any CPU.Build.0 = Release|Any CPU
	EndGlobalSection
	GlobalSection(SolutionProperties) = preSolution
		HideSolutionNode = FALSE
	EndGlobalSection
	GlobalSection(ExtensibilityGlobals) = postSolution
		SolutionGuid = {F975E15B-910D-450B-A9DB-A43743A31911}
	EndGlobalSection
EndGlobal
